
Microsoft Visual Studio Solution File, Format Version 12.00
# Visual Studio Version 17
VisualStudioVersion = 17.10.35027.167
MinimumVisualStudioVersion = 10.0.40219.1
Project("{9A19103F-16F7-4668-BE54-9A1E7A4F7556}") = "Task1A", "Task1A\Task1A.csproj", "{BF8870B4-E32B-4616-9189-070DFB89D74B}"
EndProject
Project("{2150E333-8FDC-42A3-9474-1A3956D46DE8}") = "FolderName", "FolderName", "{03FD8A09-ECF1-4A3A-9285-E7165D6AF7FC}"
EndProject
Project("{9A19103F-16F7-4668-BE54-9A1E7A4F7556}") = "Task1B", "Task1B\Task1B.csproj", "{3625C563-C8B2-4998-83B5-00D1613A3F17}"
EndProject
Project("{FAE04EC0-301F-11D3-BF4B-00C04F79EFBC}") = "Task2", "Task2\Task2.csproj", "{52103168-6615-40AA-B8A0-973CCA88755F}"
EndProject
Project("{FAE04EC0-301F-11D3-BF4B-00C04F79EFBC}") = "Task3", "Task3\Task3.csproj", "{707F3916-D72A-4D7A-8521-BC3D637B4793}"
EndProject
Project("{FAE04EC0-301F-11D3-BF4B-00C04F79EFBC}") = "Task4", "Task4\Task4.csproj", "{A890676F-59DE-42E9-BA97-5C70047B17F2}"
EndProject
Project("{FAE04EC0-301F-11D3-BF4B-00C04F79EFBC}") = "Task5", "Task5\Task5.csproj", "{8252D3A5-A4B7-463B-AA9E-BD768D86A8D5}"
EndProject
Project("{FAE04EC0-301F-11D3-BF4B-00C04F79EFBC}") = "Task6", "Task6\Task6.csproj", "{D7403080-6F2F-49FD-8193-0EAFA63E5C32}"
EndProject
Project("{FAE04EC0-301F-11D3-BF4B-00C04F79EFBC}") = "Task7A", "Task7A\Task7A.csproj", "{315A8123-59CB-42F3-B853-EEE27CCB8249}"
EndProject
Project("{FAE04EC0-301F-11D3-BF4B-00C04F79EFBC}") = "Task7B", "Task7B\Task7B.csproj", "{709D8C07-9A97-4D43-8AD6-B0F455DBFC05}"
EndProject
Global
	GlobalSection(SolutionConfigurationPlatforms) = preSolution
		Checkln|Any CPU = Checkln|Any CPU
		Debug|Any CPU = Debug|Any CPU
		Release|Any CPU = Release|Any CPU
	EndGlobalSection
	GlobalSection(ProjectConfigurationPlatforms) = postSolution
		{BF8870B4-E32B-4616-9189-070DFB89D74B}.Checkln|Any CPU.ActiveCfg = Checkln|Any CPU
		{BF8870B4-E32B-4616-9189-070DFB89D74B}.Checkln|Any CPU.Build.0 = Checkln|Any CPU
		{BF8870B4-E32B-4616-9189-070DFB89D74B}.Debug|Any CPU.ActiveCfg = Debug|Any CPU
		{BF8870B4-E32B-4616-9189-070DFB89D74B}.Debug|Any CPU.Build.0 = Debug|Any CPU
		{BF8870B4-E32B-4616-9189-070DFB89D74B}.Release|Any CPU.ActiveCfg = Release|Any CPU
		{BF8870B4-E32B-4616-9189-070DFB89D74B}.Release|Any CPU.Build.0 = Release|Any CPU
		{3625C563-C8B2-4998-83B5-00D1613A3F17}.Checkln|Any CPU.ActiveCfg = Checkln|Any CPU
		{3625C563-C8B2-4998-83B5-00D1613A3F17}.Checkln|Any CPU.Build.0 = Checkln|Any CPU
		{3625C563-C8B2-4998-83B5-00D1613A3F17}.Debug|Any CPU.ActiveCfg = Debug|Any CPU
		{3625C563-C8B2-4998-83B5-00D1613A3F17}.Debug|Any CPU.Build.0 = Debug|Any CPU
		{3625C563-C8B2-4998-83B5-00D1613A3F17}.Release|Any CPU.ActiveCfg = Release|Any CPU
		{3625C563-C8B2-4998-83B5-00D1613A3F17}.Release|Any CPU.Build.0 = Release|Any CPU
		{52103168-6615-40AA-B8A0-973CCA88755F}.Checkln|Any CPU.ActiveCfg = Debug|Any CPU
		{52103168-6615-40AA-B8A0-973CCA88755F}.Checkln|Any CPU.Build.0 = Debug|Any CPU
		{52103168-6615-40AA-B8A0-973CCA88755F}.Debug|Any CPU.ActiveCfg = Debug|Any CPU
		{52103168-6615-40AA-B8A0-973CCA88755F}.Debug|Any CPU.Build.0 = Debug|Any CPU
		{52103168-6615-40AA-B8A0-973CCA88755F}.Release|Any CPU.ActiveCfg = Release|Any CPU
		{52103168-6615-40AA-B8A0-973CCA88755F}.Release|Any CPU.Build.0 = Release|Any CPU
		{707F3916-D72A-4D7A-8521-BC3D637B4793}.Checkln|Any CPU.ActiveCfg = Debug|Any CPU
		{707F3916-D72A-4D7A-8521-BC3D637B4793}.Checkln|Any CPU.Build.0 = Debug|Any CPU
		{707F3916-D72A-4D7A-8521-BC3D637B4793}.Debug|Any CPU.ActiveCfg = Debug|Any CPU
		{707F3916-D72A-4D7A-8521-BC3D637B4793}.Debug|Any CPU.Build.0 = Debug|Any CPU
		{707F3916-D72A-4D7A-8521-BC3D637B4793}.Release|Any CPU.ActiveCfg = Release|Any CPU
		{707F3916-D72A-4D7A-8521-BC3D637B4793}.Release|Any CPU.Build.0 = Release|Any CPU
		{A890676F-59DE-42E9-BA97-5C70047B17F2}.Checkln|Any CPU.ActiveCfg = Debug|Any CPU
		{A890676F-59DE-42E9-BA97-5C70047B17F2}.Checkln|Any CPU.Build.0 = Debug|Any CPU
		{A890676F-59DE-42E9-BA97-5C70047B17F2}.Debug|Any CPU.ActiveCfg = Debug|Any CPU
		{A890676F-59DE-42E9-BA97-5C70047B17F2}.Debug|Any CPU.Build.0 = Debug|Any CPU
		{A890676F-59DE-42E9-BA97-5C70047B17F2}.Release|Any CPU.ActiveCfg = Release|Any CPU
		{A890676F-59DE-42E9-BA97-5C70047B17F2}.Release|Any CPU.Build.0 = Release|Any CPU
		{8252D3A5-A4B7-463B-AA9E-BD768D86A8D5}.Checkln|Any CPU.ActiveCfg = Debug|Any CPU
		{8252D3A5-A4B7-463B-AA9E-BD768D86A8D5}.Checkln|Any CPU.Build.0 = Debug|Any CPU
		{8252D3A5-A4B7-463B-AA9E-BD768D86A8D5}.Debug|Any CPU.ActiveCfg = Debug|Any CPU
		{8252D3A5-A4B7-463B-AA9E-BD768D86A8D5}.Debug|Any CPU.Build.0 = Debug|Any CPU
		{8252D3A5-A4B7-463B-AA9E-BD768D86A8D5}.Release|Any CPU.ActiveCfg = Release|Any CPU
		{8252D3A5-A4B7-463B-AA9E-BD768D86A8D5}.Release|Any CPU.Build.0 = Release|Any CPU
		{D7403080-6F2F-49FD-8193-0EAFA63E5C32}.Checkln|Any CPU.ActiveCfg = Debug|Any CPU
		{D7403080-6F2F-49FD-8193-0EAFA63E5C32}.Checkln|Any CPU.Build.0 = Debug|Any CPU
		{D7403080-6F2F-49FD-8193-0EAFA63E5C32}.Debug|Any CPU.ActiveCfg = Debug|Any CPU
		{D7403080-6F2F-49FD-8193-0EAFA63E5C32}.Debug|Any CPU.Build.0 = Debug|Any CPU
		{D7403080-6F2F-49FD-8193-0EAFA63E5C32}.Release|Any CPU.ActiveCfg = Release|Any CPU
		{D7403080-6F2F-49FD-8193-0EAFA63E5C32}.Release|Any CPU.Build.0 = Release|Any CPU
		{315A8123-59CB-42F3-B853-EEE27CCB8249}.Checkln|Any CPU.ActiveCfg = Debug|Any CPU
		{315A8123-59CB-42F3-B853-EEE27CCB8249}.Checkln|Any CPU.Build.0 = Debug|Any CPU
		{315A8123-59CB-42F3-B853-EEE27CCB8249}.Debug|Any CPU.ActiveCfg = Debug|Any CPU
		{315A8123-59CB-42F3-B853-EEE27CCB8249}.Debug|Any CPU.Build.0 = Debug|Any CPU
		{315A8123-59CB-42F3-B853-EEE27CCB8249}.Release|Any CPU.ActiveCfg = Release|Any CPU
		{315A8123-59CB-42F3-B853-EEE27CCB8249}.Release|Any CPU.Build.0 = Release|Any CPU
		{709D8C07-9A97-4D43-8AD6-B0F455DBFC05}.Checkln|Any CPU.ActiveCfg = Debug|Any CPU
		{709D8C07-9A97-4D43-8AD6-B0F455DBFC05}.Checkln|Any CPU.Build.0 = Debug|Any CPU
		{709D8C07-9A97-4D43-8AD6-B0F455DBFC05}.Debug|Any CPU.ActiveCfg = Debug|Any CPU
		{709D8C07-9A97-4D43-8AD6-B0F455DBFC05}.Debug|Any CPU.Build.0 = Debug|Any CPU
		{709D8C07-9A97-4D43-8AD6-B0F455DBFC05}.Release|Any CPU.ActiveCfg = Release|Any CPU
		{709D8C07-9A97-4D43-8AD6-B0F455DBFC05}.Release|Any CPU.Build.0 = Release|Any CPU
	EndGlobalSection
	GlobalSection(SolutionProperties) = preSolution
		HideSolutionNode = FALSE
	EndGlobalSection
	GlobalSection(NestedProjects) = preSolution
		{BF8870B4-E32B-4616-9189-070DFB89D74B} = {03FD8A09-ECF1-4A3A-9285-E7165D6AF7FC}
		{3625C563-C8B2-4998-83B5-00D1613A3F17} = {03FD8A09-ECF1-4A3A-9285-E7165D6AF7FC}
		{52103168-6615-40AA-B8A0-973CCA88755F} = {03FD8A09-ECF1-4A3A-9285-E7165D6AF7FC}
		{707F3916-D72A-4D7A-8521-BC3D637B4793} = {03FD8A09-ECF1-4A3A-9285-E7165D6AF7FC}
		{A890676F-59DE-42E9-BA97-5C70047B17F2} = {03FD8A09-ECF1-4A3A-9285-E7165D6AF7FC}
		{8252D3A5-A4B7-463B-AA9E-BD768D86A8D5} = {03FD8A09-ECF1-4A3A-9285-E7165D6AF7FC}
		{D7403080-6F2F-49FD-8193-0EAFA63E5C32} = {03FD8A09-ECF1-4A3A-9285-E7165D6AF7FC}
		{315A8123-59CB-42F3-B853-EEE27CCB8249} = {03FD8A09-ECF1-4A3A-9285-E7165D6AF7FC}
		{709D8C07-9A97-4D43-8AD6-B0F455DBFC05} = {03FD8A09-ECF1-4A3A-9285-E7165D6AF7FC}
	EndGlobalSection
	GlobalSection(ExtensibilityGlobals) = postSolution
		SolutionGuid = {0C766630-1E80-458A-B8F0-444D8263ACE8}
	EndGlobalSection
EndGlobal
